
Microsoft Visual Studio Solution File, Format Version 12.00
# Visual Studio 2013
VisualStudioVersion = 12.0.31101.0
MinimumVisualStudioVersion = 10.0.40219.1
Project("{8BC9CEB8-8B4A-11D0-8D11-00A0C91BC942}") = "basic-app", "basic-app\basic-app.vcxproj", "{DA9E0DB1-14F0-4FE0-9E5A-221C3DE36B98}"
EndProject
Project("{8BC9CEB8-8B4A-11D0-8D11-00A0C91BC942}") = "glfw3", "thirdparty\glfw-3.1.2\glfw3.vcxproj", "{BE423E72-28C2-4FB7-9FE1-42AA2F393BBC}"
EndProject
Project("{2150E333-8FDC-42A3-9474-1A3956D46DE8}") = "thirdparty", "thirdparty", "{2170F237-0B3C-4484-BF21-9F588BC671BD}"
EndProject
Project("{8BC9CEB8-8B4A-11D0-8D11-00A0C91BC942}") = "common", "common\common.vcxproj", "{56991539-E645-40B3-87C6-D5CDC3020E6B}"
EndProject
Project("{8BC9CEB8-8B4A-11D0-8D11-00A0C91BC942}") = "shader-app", "shader-app\shader-app.vcxproj", "{3D0778ED-79DF-40A4-A7D3-344BBC75DE07}"
EndProject
Project("{8BC9CEB8-8B4A-11D0-8D11-00A0C91BC942}") = "draw2D-test", "draw2D-test\draw2D-test.vcxproj", "{DF7F7F2F-B7EE-4AE3-BA4D-9186D6CCFC98}"
EndProject
Project("{8BC9CEB8-8B4A-11D0-8D11-00A0C91BC942}") = "graph-editor", "graph-editor\graph-editor.vcxproj", "{03E7327D-58B1-486D-BD6D-412E4E2EE89D}"
EndProject
Project("{2150E333-8FDC-42A3-9474-1A3956D46DE8}") = "libs", "libs", "{498491C6-3EAF-4BB4-9EF2-6600B87CF927}"
EndProject
Project("{2150E333-8FDC-42A3-9474-1A3956D46DE8}") = "tests", "tests", "{9899DE76-12F4-410D-B612-E8E92F711776}"
EndProject
Project("{2150E333-8FDC-42A3-9474-1A3956D46DE8}") = "apps", "apps", "{88DEA505-6C3D-4B13-A95A-6F3E1C9990E6}"
EndProject
Global
	GlobalSection(SolutionConfigurationPlatforms) = preSolution
		Debug|Mixed Platforms = Debug|Mixed Platforms
		Debug|Win32 = Debug|Win32
		Debug|x64 = Debug|x64
		Release|Mixed Platforms = Release|Mixed Platforms
		Release|Win32 = Release|Win32
		Release|x64 = Release|x64
	EndGlobalSection
	GlobalSection(ProjectConfigurationPlatforms) = postSolution
		{DA9E0DB1-14F0-4FE0-9E5A-221C3DE36B98}.Debug|Mixed Platforms.ActiveCfg = Debug|Win32
		{DA9E0DB1-14F0-4FE0-9E5A-221C3DE36B98}.Debug|Mixed Platforms.Build.0 = Debug|Win32
		{DA9E0DB1-14F0-4FE0-9E5A-221C3DE36B98}.Debug|Win32.ActiveCfg = Debug|Win32
		{DA9E0DB1-14F0-4FE0-9E5A-221C3DE36B98}.Debug|Win32.Build.0 = Debug|Win32
		{DA9E0DB1-14F0-4FE0-9E5A-221C3DE36B98}.Debug|x64.ActiveCfg = Debug|x64
		{DA9E0DB1-14F0-4FE0-9E5A-221C3DE36B98}.Debug|x64.Build.0 = Debug|x64
		{DA9E0DB1-14F0-4FE0-9E5A-221C3DE36B98}.Release|Mixed Platforms.ActiveCfg = Release|Win32
		{DA9E0DB1-14F0-4FE0-9E5A-221C3DE36B98}.Release|Mixed Platforms.Build.0 = Release|Win32
		{DA9E0DB1-14F0-4FE0-9E5A-221C3DE36B98}.Release|Win32.ActiveCfg = Release|Win32
		{DA9E0DB1-14F0-4FE0-9E5A-221C3DE36B98}.Release|Win32.Build.0 = Release|Win32
		{DA9E0DB1-14F0-4FE0-9E5A-221C3DE36B98}.Release|x64.ActiveCfg = Release|x64
		{DA9E0DB1-14F0-4FE0-9E5A-221C3DE36B98}.Release|x64.Build.0 = Release|x64
		{BE423E72-28C2-4FB7-9FE1-42AA2F393BBC}.Debug|Mixed Platforms.ActiveCfg = Debug|Win32
		{BE423E72-28C2-4FB7-9FE1-42AA2F393BBC}.Debug|Mixed Platforms.Build.0 = Debug|Win32
		{BE423E72-28C2-4FB7-9FE1-42AA2F393BBC}.Debug|Win32.ActiveCfg = Debug|Win32
		{BE423E72-28C2-4FB7-9FE1-42AA2F393BBC}.Debug|Win32.Build.0 = Debug|Win32
		{BE423E72-28C2-4FB7-9FE1-42AA2F393BBC}.Debug|x64.ActiveCfg = Debug|x64
		{BE423E72-28C2-4FB7-9FE1-42AA2F393BBC}.Debug|x64.Build.0 = Debug|x64
		{BE423E72-28C2-4FB7-9FE1-42AA2F393BBC}.Release|Mixed Platforms.ActiveCfg = Release|Win32
		{BE423E72-28C2-4FB7-9FE1-42AA2F393BBC}.Release|Mixed Platforms.Build.0 = Release|Win32
		{BE423E72-28C2-4FB7-9FE1-42AA2F393BBC}.Release|Win32.ActiveCfg = Release|Win32
		{BE423E72-28C2-4FB7-9FE1-42AA2F393BBC}.Release|Win32.Build.0 = Release|Win32
		{BE423E72-28C2-4FB7-9FE1-42AA2F393BBC}.Release|x64.ActiveCfg = Release|x64
		{BE423E72-28C2-4FB7-9FE1-42AA2F393BBC}.Release|x64.Build.0 = Release|x64
		{56991539-E645-40B3-87C6-D5CDC3020E6B}.Debug|Mixed Platforms.ActiveCfg = Debug|Win32
		{56991539-E645-40B3-87C6-D5CDC3020E6B}.Debug|Mixed Platforms.Build.0 = Debug|Win32
		{56991539-E645-40B3-87C6-D5CDC3020E6B}.Debug|Win32.ActiveCfg = Debug|Win32
		{56991539-E645-40B3-87C6-D5CDC3020E6B}.Debug|Win32.Build.0 = Debug|Win32
		{56991539-E645-40B3-87C6-D5CDC3020E6B}.Debug|x64.ActiveCfg = Debug|x64
		{56991539-E645-40B3-87C6-D5CDC3020E6B}.Debug|x64.Build.0 = Debug|x64
		{56991539-E645-40B3-87C6-D5CDC3020E6B}.Release|Mixed Platforms.ActiveCfg = Release|Win32
		{56991539-E645-40B3-87C6-D5CDC3020E6B}.Release|Mixed Platforms.Build.0 = Release|Win32
		{56991539-E645-40B3-87C6-D5CDC3020E6B}.Release|Win32.ActiveCfg = Release|Win32
		{56991539-E645-40B3-87C6-D5CDC3020E6B}.Release|Win32.Build.0 = Release|Win32
		{56991539-E645-40B3-87C6-D5CDC3020E6B}.Release|x64.ActiveCfg = Release|x64
		{56991539-E645-40B3-87C6-D5CDC3020E6B}.Release|x64.Build.0 = Release|x64
		{3D0778ED-79DF-40A4-A7D3-344BBC75DE07}.Debug|Mixed Platforms.ActiveCfg = Debug|Win32
		{3D0778ED-79DF-40A4-A7D3-344BBC75DE07}.Debug|Mixed Platforms.Build.0 = Debug|Win32
		{3D0778ED-79DF-40A4-A7D3-344BBC75DE07}.Debug|Win32.ActiveCfg = Debug|Win32
		{3D0778ED-79DF-40A4-A7D3-344BBC75DE07}.Debug|Win32.Build.0 = Debug|Win32
		{3D0778ED-79DF-40A4-A7D3-344BBC75DE07}.Debug|x64.ActiveCfg = Debug|x64
		{3D0778ED-79DF-40A4-A7D3-344BBC75DE07}.Debug|x64.Build.0 = Debug|x64
		{3D0778ED-79DF-40A4-A7D3-344BBC75DE07}.Release|Mixed Platforms.ActiveCfg = Release|Win32
		{3D0778ED-79DF-40A4-A7D3-344BBC75DE07}.Release|Mixed Platforms.Build.0 = Release|Win32
		{3D0778ED-79DF-40A4-A7D3-344BBC75DE07}.Release|Win32.ActiveCfg = Release|Win32
		{3D0778ED-79DF-40A4-A7D3-344BBC75DE07}.Release|Win32.Build.0 = Release|Win32
		{3D0778ED-79DF-40A4-A7D3-344BBC75DE07}.Release|x64.ActiveCfg = Release|x64
		{3D0778ED-79DF-40A4-A7D3-344BBC75DE07}.Release|x64.Build.0 = Release|x64
		{DF7F7F2F-B7EE-4AE3-BA4D-9186D6CCFC98}.Debug|Mixed Platforms.ActiveCfg = Debug|Win32
		{DF7F7F2F-B7EE-4AE3-BA4D-9186D6CCFC98}.Debug|Mixed Platforms.Build.0 = Debug|Win32
		{DF7F7F2F-B7EE-4AE3-BA4D-9186D6CCFC98}.Debug|Win32.ActiveCfg = Debug|Win32
		{DF7F7F2F-B7EE-4AE3-BA4D-9186D6CCFC98}.Debug|Win32.Build.0 = Debug|Win32
		{DF7F7F2F-B7EE-4AE3-BA4D-9186D6CCFC98}.Debug|x64.ActiveCfg = Debug|x64
		{DF7F7F2F-B7EE-4AE3-BA4D-9186D6CCFC98}.Debug|x64.Build.0 = Debug|x64
		{DF7F7F2F-B7EE-4AE3-BA4D-9186D6CCFC98}.Release|Mixed Platforms.ActiveCfg = Release|Win32
		{DF7F7F2F-B7EE-4AE3-BA4D-9186D6CCFC98}.Release|Mixed Platforms.Build.0 = Release|Win32
		{DF7F7F2F-B7EE-4AE3-BA4D-9186D6CCFC98}.Release|Win32.ActiveCfg = Release|Win32
		{DF7F7F2F-B7EE-4AE3-BA4D-9186D6CCFC98}.Release|Win32.Build.0 = Release|Win32
		{DF7F7F2F-B7EE-4AE3-BA4D-9186D6CCFC98}.Release|x64.ActiveCfg = Release|x64
		{DF7F7F2F-B7EE-4AE3-BA4D-9186D6CCFC98}.Release|x64.Build.0 = Release|x64
		{03E7327D-58B1-486D-BD6D-412E4E2EE89D}.Debug|Mixed Platforms.ActiveCfg = Debug|Win32
		{03E7327D-58B1-486D-BD6D-412E4E2EE89D}.Debug|Mixed Platforms.Build.0 = Debug|Win32
		{03E7327D-58B1-486D-BD6D-412E4E2EE89D}.Debug|Win32.ActiveCfg = Debug|Win32
		{03E7327D-58B1-486D-BD6D-412E4E2EE89D}.Debug|Win32.Build.0 = Debug|Win32
		{03E7327D-58B1-486D-BD6D-412E4E2EE89D}.Debug|x64.ActiveCfg = Debug|x64
		{03E7327D-58B1-486D-BD6D-412E4E2EE89D}.Debug|x64.Build.0 = Debug|x64
		{03E7327D-58B1-486D-BD6D-412E4E2EE89D}.Release|Mixed Platforms.ActiveCfg = Release|Win32
		{03E7327D-58B1-486D-BD6D-412E4E2EE89D}.Release|Mixed Platforms.Build.0 = Release|Win32
		{03E7327D-58B1-486D-BD6D-412E4E2EE89D}.Release|Win32.ActiveCfg = Release|Win32
		{03E7327D-58B1-486D-BD6D-412E4E2EE89D}.Release|Win32.Build.0 = Release|Win32
		{03E7327D-58B1-486D-BD6D-412E4E2EE89D}.Release|x64.ActiveCfg = Release|x64
		{03E7327D-58B1-486D-BD6D-412E4E2EE89D}.Release|x64.Build.0 = Release|x64
	EndGlobalSection
	GlobalSection(SolutionProperties) = preSolution
		HideSolutionNode = FALSE
	EndGlobalSection
	GlobalSection(NestedProjects) = preSolution
		{DA9E0DB1-14F0-4FE0-9E5A-221C3DE36B98} = {88DEA505-6C3D-4B13-A95A-6F3E1C9990E6}
		{BE423E72-28C2-4FB7-9FE1-42AA2F393BBC} = {2170F237-0B3C-4484-BF21-9F588BC671BD}
		{2170F237-0B3C-4484-BF21-9F588BC671BD} = {498491C6-3EAF-4BB4-9EF2-6600B87CF927}
		{56991539-E645-40B3-87C6-D5CDC3020E6B} = {498491C6-3EAF-4BB4-9EF2-6600B87CF927}
		{3D0778ED-79DF-40A4-A7D3-344BBC75DE07} = {9899DE76-12F4-410D-B612-E8E92F711776}
		{DF7F7F2F-B7EE-4AE3-BA4D-9186D6CCFC98} = {9899DE76-12F4-410D-B612-E8E92F711776}
		{03E7327D-58B1-486D-BD6D-412E4E2EE89D} = {88DEA505-6C3D-4B13-A95A-6F3E1C9990E6}
	EndGlobalSection
EndGlobal
